// !$*UTF8*$!
{
	archiveVersion = 1;
	classes = {
	};
	objectVersion = 50;
	objects = {

/* Begin PBXBuildFile section */
		99B6314B2480A1CD00BED34A /* AppDelegate.swift in Sources */ = {isa = PBXBuildFile; fileRef = 99B6314A2480A1CD00BED34A /* AppDelegate.swift */; };
		99B6314D2480A1CD00BED34A /* SceneDelegate.swift in Sources */ = {isa = PBXBuildFile; fileRef = 99B6314C2480A1CD00BED34A /* SceneDelegate.swift */; };
		99B6314F2480A1CD00BED34A /* PhotosViewController.swift in Sources */ = {isa = PBXBuildFile; fileRef = 99B6314E2480A1CD00BED34A /* PhotosViewController.swift */; };
		99B631522480A1CD00BED34A /* Main.storyboard in Resources */ = {isa = PBXBuildFile; fileRef = 99B631502480A1CD00BED34A /* Main.storyboard */; };
		99B631542480A1D400BED34A /* Assets.xcassets in Resources */ = {isa = PBXBuildFile; fileRef = 99B631532480A1D400BED34A /* Assets.xcassets */; };
		99B631572480A1D400BED34A /* LaunchScreen.storyboard in Resources */ = {isa = PBXBuildFile; fileRef = 99B631552480A1D400BED34A /* LaunchScreen.storyboard */; };
		99B631622480A1D400BED34A /* PhotoramaTests.swift in Sources */ = {isa = PBXBuildFile; fileRef = 99B631612480A1D400BED34A /* PhotoramaTests.swift */; };
		99B6316D2480A1D400BED34A /* PhotoramaUITests.swift in Sources */ = {isa = PBXBuildFile; fileRef = 99B6316C2480A1D400BED34A /* PhotoramaUITests.swift */; };
		99B6317B2480A79500BED34A /* FlickrAPI.swift in Sources */ = {isa = PBXBuildFile; fileRef = 99B6317A2480A79500BED34A /* FlickrAPI.swift */; };
		99B6317D2480C86600BED34A /* PhotoStore.swift in Sources */ = {isa = PBXBuildFile; fileRef = 99B6317C2480C86600BED34A /* PhotoStore.swift */; };
		99B6317F2480D18700BED34A /* Photo.swift in Sources */ = {isa = PBXBuildFile; fileRef = 99B6317E2480D18700BED34A /* Photo.swift */; };
/* End PBXBuildFile section */

/* Begin PBXContainerItemProxy section */
		99B6315E2480A1D400BED34A /* PBXContainerItemProxy */ = {
			isa = PBXContainerItemProxy;
			containerPortal = 99B6313F2480A1CD00BED34A /* Project object */;
			proxyType = 1;
			remoteGlobalIDString = 99B631462480A1CD00BED34A;
			remoteInfo = Photorama;
		};
		99B631692480A1D400BED34A /* PBXContainerItemProxy */ = {
			isa = PBXContainerItemProxy;
			containerPortal = 99B6313F2480A1CD00BED34A /* Project object */;
			proxyType = 1;
			remoteGlobalIDString = 99B631462480A1CD00BED34A;
			remoteInfo = Photorama;
		};
/* End PBXContainerItemProxy section */

/* Begin PBXFileReference section */
		99B631472480A1CD00BED34A /* Photorama.app */ = {isa = PBXFileReference; explicitFileType = wrapper.application; includeInIndex = 0; path = Photorama.app; sourceTree = BUILT_PRODUCTS_DIR; };
		99B6314A2480A1CD00BED34A /* AppDelegate.swift */ = {isa = PBXFileReference; lastKnownFileType = sourcecode.swift; path = AppDelegate.swift; sourceTree = "<group>"; };
		99B6314C2480A1CD00BED34A /* SceneDelegate.swift */ = {isa = PBXFileReference; lastKnownFileType = sourcecode.swift; path = SceneDelegate.swift; sourceTree = "<group>"; };
		99B6314E2480A1CD00BED34A /* PhotosViewController.swift */ = {isa = PBXFileReference; lastKnownFileType = sourcecode.swift; path = PhotosViewController.swift; sourceTree = "<group>"; };
		99B631512480A1CD00BED34A /* Base */ = {isa = PBXFileReference; lastKnownFileType = file.storyboard; name = Base; path = Base.lproj/Main.storyboard; sourceTree = "<group>"; };
		99B631532480A1D400BED34A /* Assets.xcassets */ = {isa = PBXFileReference; lastKnownFileType = folder.assetcatalog; path = Assets.xcassets; sourceTree = "<group>"; };
		99B631562480A1D400BED34A /* Base */ = {isa = PBXFileReference; lastKnownFileType = file.storyboard; name = Base; path = Base.lproj/LaunchScreen.storyboard; sourceTree = "<group>"; };
		99B631582480A1D400BED34A /* Info.plist */ = {isa = PBXFileReference; lastKnownFileType = text.plist.xml; path = Info.plist; sourceTree = "<group>"; };
		99B6315D2480A1D400BED34A /* PhotoramaTests.xctest */ = {isa = PBXFileReference; explicitFileType = wrapper.cfbundle; includeInIndex = 0; path = PhotoramaTests.xctest; sourceTree = BUILT_PRODUCTS_DIR; };
		99B631612480A1D400BED34A /* PhotoramaTests.swift */ = {isa = PBXFileReference; lastKnownFileType = sourcecode.swift; path = PhotoramaTests.swift; sourceTree = "<group>"; };
		99B631632480A1D400BED34A /* Info.plist */ = {isa = PBXFileReference; lastKnownFileType = text.plist.xml; path = Info.plist; sourceTree = "<group>"; };
		99B631682480A1D400BED34A /* PhotoramaUITests.xctest */ = {isa = PBXFileReference; explicitFileType = wrapper.cfbundle; includeInIndex = 0; path = PhotoramaUITests.xctest; sourceTree = BUILT_PRODUCTS_DIR; };
		99B6316C2480A1D400BED34A /* PhotoramaUITests.swift */ = {isa = PBXFileReference; lastKnownFileType = sourcecode.swift; path = PhotoramaUITests.swift; sourceTree = "<group>"; };
		99B6316E2480A1D400BED34A /* Info.plist */ = {isa = PBXFileReference; lastKnownFileType = text.plist.xml; path = Info.plist; sourceTree = "<group>"; };
		99B6317A2480A79500BED34A /* FlickrAPI.swift */ = {isa = PBXFileReference; lastKnownFileType = sourcecode.swift; path = FlickrAPI.swift; sourceTree = "<group>"; };
		99B6317C2480C86600BED34A /* PhotoStore.swift */ = {isa = PBXFileReference; lastKnownFileType = sourcecode.swift; path = PhotoStore.swift; sourceTree = "<group>"; };
		99B6317E2480D18700BED34A /* Photo.swift */ = {isa = PBXFileReference; lastKnownFileType = sourcecode.swift; path = Photo.swift; sourceTree = "<group>"; };
/* End PBXFileReference section */

/* Begin PBXFrameworksBuildPhase section */
		99B631442480A1CD00BED34A /* Frameworks */ = {
			isa = PBXFrameworksBuildPhase;
			buildActionMask = 2147483647;
			files = (
			);
			runOnlyForDeploymentPostprocessing = 0;
		};
		99B6315A2480A1D400BED34A /* Frameworks */ = {
			isa = PBXFrameworksBuildPhase;
			buildActionMask = 2147483647;
			files = (
			);
			runOnlyForDeploymentPostprocessing = 0;
		};
		99B631652480A1D400BED34A /* Frameworks */ = {
			isa = PBXFrameworksBuildPhase;
			buildActionMask = 2147483647;
			files = (
			);
			runOnlyForDeploymentPostprocessing = 0;
		};
/* End PBXFrameworksBuildPhase section */

/* Begin PBXGroup section */
		99B6313E2480A1CD00BED34A = {
			isa = PBXGroup;
			children = (
				99B631492480A1CD00BED34A /* Photorama */,
				99B631602480A1D400BED34A /* PhotoramaTests */,
				99B6316B2480A1D400BED34A /* PhotoramaUITests */,
				99B631482480A1CD00BED34A /* Products */,
			);
			sourceTree = "<group>";
		};
		99B631482480A1CD00BED34A /* Products */ = {
			isa = PBXGroup;
			children = (
				99B631472480A1CD00BED34A /* Photorama.app */,
				99B6315D2480A1D400BED34A /* PhotoramaTests.xctest */,
				99B631682480A1D400BED34A /* PhotoramaUITests.xctest */,
			);
			name = Products;
			sourceTree = "<group>";
		};
		99B631492480A1CD00BED34A /* Photorama */ = {
			isa = PBXGroup;
			children = (
				99B6314A2480A1CD00BED34A /* AppDelegate.swift */,
				99B6317A2480A79500BED34A /* FlickrAPI.swift */,
				99B6314C2480A1CD00BED34A /* SceneDelegate.swift */,
				99B6314E2480A1CD00BED34A /* PhotosViewController.swift */,
				99B6317C2480C86600BED34A /* PhotoStore.swift */,
				99B631502480A1CD00BED34A /* Main.storyboard */,
				99B631532480A1D400BED34A /* Assets.xcassets */,
				99B631552480A1D400BED34A /* LaunchScreen.storyboard */,
				99B631582480A1D400BED34A /* Info.plist */,
				99B6317E2480D18700BED34A /* Photo.swift */,
			);
			path = Photorama;
			sourceTree = "<group>";
		};
		99B631602480A1D400BED34A /* PhotoramaTests */ = {
			isa = PBXGroup;
			children = (
				99B631612480A1D400BED34A /* PhotoramaTests.swift */,
				99B631632480A1D400BED34A /* Info.plist */,
			);
			path = PhotoramaTests;
			sourceTree = "<group>";
		};
		99B6316B2480A1D400BED34A /* PhotoramaUITests */ = {
			isa = PBXGroup;
			children = (
				99B6316C2480A1D400BED34A /* PhotoramaUITests.swift */,
				99B6316E2480A1D400BED34A /* Info.plist */,
			);
			path = PhotoramaUITests;
			sourceTree = "<group>";
		};
/* End PBXGroup section */

/* Begin PBXNativeTarget section */
		99B631462480A1CD00BED34A /* Photorama */ = {
			isa = PBXNativeTarget;
			buildConfigurationList = 99B631712480A1D400BED34A /* Build configuration list for PBXNativeTarget "Photorama" */;
			buildPhases = (
				99B631432480A1CD00BED34A /* Sources */,
				99B631442480A1CD00BED34A /* Frameworks */,
				99B631452480A1CD00BED34A /* Resources */,
			);
			buildRules = (
			);
			dependencies = (
			);
			name = Photorama;
			productName = Photorama;
			productReference = 99B631472480A1CD00BED34A /* Photorama.app */;
			productType = "com.apple.product-type.application";
		};
		99B6315C2480A1D400BED34A /* PhotoramaTests */ = {
			isa = PBXNativeTarget;
			buildConfigurationList = 99B631742480A1D400BED34A /* Build configuration list for PBXNativeTarget "PhotoramaTests" */;
			buildPhases = (
				99B631592480A1D400BED34A /* Sources */,
				99B6315A2480A1D400BED34A /* Frameworks */,
				99B6315B2480A1D400BED34A /* Resources */,
			);
			buildRules = (
			);
			dependencies = (
				99B6315F2480A1D400BED34A /* PBXTargetDependency */,
			);
			name = PhotoramaTests;
			productName = PhotoramaTests;
			productReference = 99B6315D2480A1D400BED34A /* PhotoramaTests.xctest */;
			productType = "com.apple.product-type.bundle.unit-test";
		};
		99B631672480A1D400BED34A /* PhotoramaUITests */ = {
			isa = PBXNativeTarget;
			buildConfigurationList = 99B631772480A1D400BED34A /* Build configuration list for PBXNativeTarget "PhotoramaUITests" */;
			buildPhases = (
				99B631642480A1D400BED34A /* Sources */,
				99B631652480A1D400BED34A /* Frameworks */,
				99B631662480A1D400BED34A /* Resources */,
			);
			buildRules = (
			);
			dependencies = (
				99B6316A2480A1D400BED34A /* PBXTargetDependency */,
			);
			name = PhotoramaUITests;
			productName = PhotoramaUITests;
			productReference = 99B631682480A1D400BED34A /* PhotoramaUITests.xctest */;
			productType = "com.apple.product-type.bundle.ui-testing";
		};
/* End PBXNativeTarget section */

/* Begin PBXProject section */
		99B6313F2480A1CD00BED34A /* Project object */ = {
			isa = PBXProject;
			attributes = {
				LastSwiftUpdateCheck = 1150;
				LastUpgradeCheck = 1150;
				ORGANIZATIONNAME = paikwiki;
				TargetAttributes = {
					99B631462480A1CD00BED34A = {
						CreatedOnToolsVersion = 11.5;
					};
					99B6315C2480A1D400BED34A = {
						CreatedOnToolsVersion = 11.5;
						TestTargetID = 99B631462480A1CD00BED34A;
					};
					99B631672480A1D400BED34A = {
						CreatedOnToolsVersion = 11.5;
						TestTargetID = 99B631462480A1CD00BED34A;
					};
				};
			};
			buildConfigurationList = 99B631422480A1CD00BED34A /* Build configuration list for PBXProject "Photorama" */;
			compatibilityVersion = "Xcode 9.3";
			developmentRegion = en;
			hasScannedForEncodings = 0;
			knownRegions = (
				en,
				Base,
			);
			mainGroup = 99B6313E2480A1CD00BED34A;
			productRefGroup = 99B631482480A1CD00BED34A /* Products */;
			projectDirPath = "";
			projectRoot = "";
			targets = (
				99B631462480A1CD00BED34A /* Photorama */,
				99B6315C2480A1D400BED34A /* PhotoramaTests */,
				99B631672480A1D400BED34A /* PhotoramaUITests */,
			);
		};
/* End PBXProject section */

/* Begin PBXResourcesBuildPhase section */
		99B631452480A1CD00BED34A /* Resources */ = {
			isa = PBXResourcesBuildPhase;
			buildActionMask = 2147483647;
			files = (
				99B631572480A1D400BED34A /* LaunchScreen.storyboard in Resources */,
				99B631542480A1D400BED34A /* Assets.xcassets in Resources */,
				99B631522480A1CD00BED34A /* Main.storyboard in Resources */,
			);
			runOnlyForDeploymentPostprocessing = 0;
		};
		99B6315B2480A1D400BED34A /* Resources */ = {
			isa = PBXResourcesBuildPhase;
			buildActionMask = 2147483647;
			files = (
			);
			runOnlyForDeploymentPostprocessing = 0;
		};
		99B631662480A1D400BED34A /* Resources */ = {
			isa = PBXResourcesBuildPhase;
			buildActionMask = 2147483647;
			files = (
			);
			runOnlyForDeploymentPostprocessing = 0;
		};
/* End PBXResourcesBuildPhase section */

/* Begin PBXSourcesBuildPhase section */
		99B631432480A1CD00BED34A /* Sources */ = {
			isa = PBXSourcesBuildPhase;
			buildActionMask = 2147483647;
			files = (
				99B6317F2480D18700BED34A /* Photo.swift in Sources */,
				99B6317D2480C86600BED34A /* PhotoStore.swift in Sources */,
				99B6314F2480A1CD00BED34A /* PhotosViewController.swift in Sources */,
				99B6314B2480A1CD00BED34A /* AppDelegate.swift in Sources */,
				99B6314D2480A1CD00BED34A /* SceneDelegate.swift in Sources */,
				99B6317B2480A79500BED34A /* FlickrAPI.swift in Sources */,
			);
			runOnlyForDeploymentPostprocessing = 0;
		};
		99B631592480A1D400BED34A /* Sources */ = {
			isa = PBXSourcesBuildPhase;
			buildActionMask = 2147483647;
			files = (
				99B631622480A1D400BED34A /* PhotoramaTests.swift in Sources */,
			);
			runOnlyForDeploymentPostprocessing = 0;
		};
		99B631642480A1D400BED34A /* Sources */ = {
			isa = PBXSourcesBuildPhase;
			buildActionMask = 2147483647;
			files = (
				99B6316D2480A1D400BED34A /* PhotoramaUITests.swift in Sources */,
			);
			runOnlyForDeploymentPostprocessing = 0;
		};
/* End PBXSourcesBuildPhase section */

/* Begin PBXTargetDependency section */
		99B6315F2480A1D400BED34A /* PBXTargetDependency */ = {
			isa = PBXTargetDependency;
			target = 99B631462480A1CD00BED34A /* Photorama */;
			targetProxy = 99B6315E2480A1D400BED34A /* PBXContainerItemProxy */;
		};
		99B6316A2480A1D400BED34A /* PBXTargetDependency */ = {
			isa = PBXTargetDependency;
			target = 99B631462480A1CD00BED34A /* Photorama */;
			targetProxy = 99B631692480A1D400BED34A /* PBXContainerItemProxy */;
		};
/* End PBXTargetDependency section */

/* Begin PBXVariantGroup section */
		99B631502480A1CD00BED34A /* Main.storyboard */ = {
			isa = PBXVariantGroup;
			children = (
				99B631512480A1CD00BED34A /* Base */,
			);
			name = Main.storyboard;
			sourceTree = "<group>";
		};
		99B631552480A1D400BED34A /* LaunchScreen.storyboard */ = {
			isa = PBXVariantGroup;
			children = (
				99B631562480A1D400BED34A /* Base */,
			);
			name = LaunchScreen.storyboard;
			sourceTree = "<group>";
		};
/* End PBXVariantGroup section */

/* Begin XCBuildConfiguration section */
		99B6316F2480A1D400BED34A /* Debug */ = {
			isa = XCBuildConfiguration;
			buildSettings = {
				ALWAYS_SEARCH_USER_PATHS = NO;
				CLANG_ANALYZER_NONNULL = YES;
				CLANG_ANALYZER_NUMBER_OBJECT_CONVERSION = YES_AGGRESSIVE;
				CLANG_CXX_LANGUAGE_STANDARD = "gnu++14";
				CLANG_CXX_LIBRARY = "libc++";
				CLANG_ENABLE_MODULES = YES;
				CLANG_ENABLE_OBJC_ARC = YES;
				CLANG_ENABLE_OBJC_WEAK = YES;
				CLANG_WARN_BLOCK_CAPTURE_AUTORELEASING = YES;
				CLANG_WARN_BOOL_CONVERSION = YES;
				CLANG_WARN_COMMA = YES;
				CLANG_WARN_CONSTANT_CONVERSION = YES;
				CLANG_WARN_DEPRECATED_OBJC_IMPLEMENTATIONS = YES;
				CLANG_WARN_DIRECT_OBJC_ISA_USAGE = YES_ERROR;
				CLANG_WARN_DOCUMENTATION_COMMENTS = YES;
				CLANG_WARN_EMPTY_BODY = YES;
				CLANG_WARN_ENUM_CONVERSION = YES;
				CLANG_WARN_INFINITE_RECURSION = YES;
				CLANG_WARN_INT_CONVERSION = YES;
				CLANG_WARN_NON_LITERAL_NULL_CONVERSION = YES;
				CLANG_WARN_OBJC_IMPLICIT_RETAIN_SELF = YES;
				CLANG_WARN_OBJC_LITERAL_CONVERSION = YES;
				CLANG_WARN_OBJC_ROOT_CLASS = YES_ERROR;
				CLANG_WARN_RANGE_LOOP_ANALYSIS = YES;
				CLANG_WARN_STRICT_PROTOTYPES = YES;
				CLANG_WARN_SUSPICIOUS_MOVE = YES;
				CLANG_WARN_UNGUARDED_AVAILABILITY = YES_AGGRESSIVE;
				CLANG_WARN_UNREACHABLE_CODE = YES;
				CLANG_WARN__DUPLICATE_METHOD_MATCH = YES;
				COPY_PHASE_STRIP = NO;
				DEBUG_INFORMATION_FORMAT = dwarf;
				ENABLE_STRICT_OBJC_MSGSEND = YES;
				ENABLE_TESTABILITY = YES;
				GCC_C_LANGUAGE_STANDARD = gnu11;
				GCC_DYNAMIC_NO_PIC = NO;
				GCC_NO_COMMON_BLOCKS = YES;
				GCC_OPTIMIZATION_LEVEL = 0;
				GCC_PREPROCESSOR_DEFINITIONS = (
					"DEBUG=1",
					"$(inherited)",
				);
				GCC_WARN_64_TO_32_BIT_CONVERSION = YES;
				GCC_WARN_ABOUT_RETURN_TYPE = YES_ERROR;
				GCC_WARN_UNDECLARED_SELECTOR = YES;
				GCC_WARN_UNINITIALIZED_AUTOS = YES_AGGRESSIVE;
				GCC_WARN_UNUSED_FUNCTION = YES;
				GCC_WARN_UNUSED_VARIABLE = YES;
				IPHONEOS_DEPLOYMENT_TARGET = 13.5;
				MTL_ENABLE_DEBUG_INFO = INCLUDE_SOURCE;
				MTL_FAST_MATH = YES;
				ONLY_ACTIVE_ARCH = YES;
				SDKROOT = iphoneos;
				SWIFT_ACTIVE_COMPILATION_CONDITIONS = DEBUG;
				SWIFT_OPTIMIZATION_LEVEL = "-Onone";
			};
			name = Debug;
		};
		99B631702480A1D400BED34A /* Release */ = {
			isa = XCBuildConfiguration;
			buildSettings = {
				ALWAYS_SEARCH_USER_PATHS = NO;
				CLANG_ANALYZER_NONNULL = YES;
				CLANG_ANALYZER_NUMBER_OBJECT_CONVERSION = YES_AGGRESSIVE;
				CLANG_CXX_LANGUAGE_STANDARD = "gnu++14";
				CLANG_CXX_LIBRARY = "libc++";
				CLANG_ENABLE_MODULES = YES;
				CLANG_ENABLE_OBJC_ARC = YES;
				CLANG_ENABLE_OBJC_WEAK = YES;
				CLANG_WARN_BLOCK_CAPTURE_AUTORELEASING = YES;
				CLANG_WARN_BOOL_CONVERSION = YES;
				CLANG_WARN_COMMA = YES;
				CLANG_WARN_CONSTANT_CONVERSION = YES;
				CLANG_WARN_DEPRECATED_OBJC_IMPLEMENTATIONS = YES;
				CLANG_WARN_DIRECT_OBJC_ISA_USAGE = YES_ERROR;
				CLANG_WARN_DOCUMENTATION_COMMENTS = YES;
				CLANG_WARN_EMPTY_BODY = YES;
				CLANG_WARN_ENUM_CONVERSION = YES;
				CLANG_WARN_INFINITE_RECURSION = YES;
				CLANG_WARN_INT_CONVERSION = YES;
				CLANG_WARN_NON_LITERAL_NULL_CONVERSION = YES;
				CLANG_WARN_OBJC_IMPLICIT_RETAIN_SELF = YES;
				CLANG_WARN_OBJC_LITERAL_CONVERSION = YES;
				CLANG_WARN_OBJC_ROOT_CLASS = YES_ERROR;
				CLANG_WARN_RANGE_LOOP_ANALYSIS = YES;
				CLANG_WARN_STRICT_PROTOTYPES = YES;
				CLANG_WARN_SUSPICIOUS_MOVE = YES;
				CLANG_WARN_UNGUARDED_AVAILABILITY = YES_AGGRESSIVE;
				CLANG_WARN_UNREACHABLE_CODE = YES;
				CLANG_WARN__DUPLICATE_METHOD_MATCH = YES;
				COPY_PHASE_STRIP = NO;
				DEBUG_INFORMATION_FORMAT = "dwarf-with-dsym";
				ENABLE_NS_ASSERTIONS = NO;
				ENABLE_STRICT_OBJC_MSGSEND = YES;
				GCC_C_LANGUAGE_STANDARD = gnu11;
				GCC_NO_COMMON_BLOCKS = YES;
				GCC_WARN_64_TO_32_BIT_CONVERSION = YES;
				GCC_WARN_ABOUT_RETURN_TYPE = YES_ERROR;
				GCC_WARN_UNDECLARED_SELECTOR = YES;
				GCC_WARN_UNINITIALIZED_AUTOS = YES_AGGRESSIVE;
				GCC_WARN_UNUSED_FUNCTION = YES;
				GCC_WARN_UNUSED_VARIABLE = YES;
				IPHONEOS_DEPLOYMENT_TARGET = 13.5;
				MTL_ENABLE_DEBUG_INFO = NO;
				MTL_FAST_MATH = YES;
				SDKROOT = iphoneos;
				SWIFT_COMPILATION_MODE = wholemodule;
				SWIFT_OPTIMIZATION_LEVEL = "-O";
				VALIDATE_PRODUCT = YES;
			};
			name = Release;
		};
		99B631722480A1D400BED34A /* Debug */ = {
			isa = XCBuildConfiguration;
			buildSettings = {
				ASSETCATALOG_COMPILER_APPICON_NAME = AppIcon;
				CODE_SIGN_STYLE = Automatic;
				DEVELOPMENT_TEAM = V43P33VM9J;
				INFOPLIST_FILE = Photorama/Info.plist;
				LD_RUNPATH_SEARCH_PATHS = (
					"$(inherited)",
					"@executable_path/Frameworks",
				);
				PRODUCT_BUNDLE_IDENTIFIER = com.paikwiki.Photorama;
				PRODUCT_NAME = "$(TARGET_NAME)";
				SWIFT_VERSION = 5.0;
				TARGETED_DEVICE_FAMILY = "1,2";
			};
			name = Debug;
		};
		99B631732480A1D400BED34A /* Release */ = {
			isa = XCBuildConfiguration;
			buildSettings = {
				ASSETCATALOG_COMPILER_APPICON_NAME = AppIcon;
				CODE_SIGN_STYLE = Automatic;
				DEVELOPMENT_TEAM = V43P33VM9J;
				INFOPLIST_FILE = Photorama/Info.plist;
				LD_RUNPATH_SEARCH_PATHS = (
					"$(inherited)",
					"@executable_path/Frameworks",
				);
				PRODUCT_BUNDLE_IDENTIFIER = com.paikwiki.Photorama;
				PRODUCT_NAME = "$(TARGET_NAME)";
				SWIFT_VERSION = 5.0;
				TARGETED_DEVICE_FAMILY = "1,2";
			};
			name = Release;
		};
		99B631752480A1D400BED34A /* Debug */ = {
			isa = XCBuildConfiguration;
			buildSettings = {
				ALWAYS_EMBED_SWIFT_STANDARD_LIBRARIES = YES;
				BUNDLE_LOADER = "$(TEST_HOST)";
				CODE_SIGN_STYLE = Automatic;
				DEVELOPMENT_TEAM = V43P33VM9J;
				INFOPLIST_FILE = PhotoramaTests/Info.plist;
				IPHONEOS_DEPLOYMENT_TARGET = 13.5;
				LD_RUNPATH_SEARCH_PATHS = (
					"$(inherited)",
					"@executable_path/Frameworks",
					"@loader_path/Frameworks",
				);
				PRODUCT_BUNDLE_IDENTIFIER = com.paikwiki.PhotoramaTests;
				PRODUCT_NAME = "$(TARGET_NAME)";
				SWIFT_VERSION = 5.0;
				TARGETED_DEVICE_FAMILY = "1,2";
				TEST_HOST = "$(BUILT_PRODUCTS_DIR)/Photorama.app/Photorama";
			};
			name = Debug;
		};
		99B631762480A1D400BED34A /* Release */ = {
			isa = XCBuildConfiguration;
			buildSettings = {
				ALWAYS_EMBED_SWIFT_STANDARD_LIBRARIES = YES;
				BUNDLE_LOADER = "$(TEST_HOST)";
				CODE_SIGN_STYLE = Automatic;
				DEVELOPMENT_TEAM = V43P33VM9J;
				INFOPLIST_FILE = PhotoramaTests/Info.plist;
				IPHONEOS_DEPLOYMENT_TARGET = 13.5;
				LD_RUNPATH_SEARCH_PATHS = (
					"$(inherited)",
					"@executable_path/Frameworks",
					"@loader_path/Frameworks",
				);
				PRODUCT_BUNDLE_IDENTIFIER = com.paikwiki.PhotoramaTests;
				PRODUCT_NAME = "$(TARGET_NAME)";
				SWIFT_VERSION = 5.0;
				TARGETED_DEVICE_FAMILY = "1,2";
				TEST_HOST = "$(BUILT_PRODUCTS_DIR)/Photorama.app/Photorama";
			};
			name = Release;
		};
		99B631782480A1D400BED34A /* Debug */ = {
			isa = XCBuildConfiguration;
			buildSettings = {
				ALWAYS_EMBED_SWIFT_STANDARD_LIBRARIES = YES;
				CODE_SIGN_STYLE = Automatic;
				DEVELOPMENT_TEAM = V43P33VM9J;
				INFOPLIST_FILE = PhotoramaUITests/Info.plist;
				LD_RUNPATH_SEARCH_PATHS = (
					"$(inherited)",
					"@executable_path/Frameworks",
					"@loader_path/Frameworks",
				);
				PRODUCT_BUNDLE_IDENTIFIER = com.paikwiki.PhotoramaUITests;
				PRODUCT_NAME = "$(TARGET_NAME)";
				SWIFT_VERSION = 5.0;
				TARGETED_DEVICE_FAMILY = "1,2";
				TEST_TARGET_NAME = Photorama;
			};
			name = Debug;
		};
		99B631792480A1D400BED34A /* Release */ = {
			isa = XCBuildConfiguration;
			buildSettings = {
				ALWAYS_EMBED_SWIFT_STANDARD_LIBRARIES = YES;
				CODE_SIGN_STYLE = Automatic;
				DEVELOPMENT_TEAM = V43P33VM9J;
				INFOPLIST_FILE = PhotoramaUITests/Info.plist;
				LD_RUNPATH_SEARCH_PATHS = (
					"$(inherited)",
					"@executable_path/Frameworks",
					"@loader_path/Frameworks",
				);
				PRODUCT_BUNDLE_IDENTIFIER = com.paikwiki.PhotoramaUITests;
				PRODUCT_NAME = "$(TARGET_NAME)";
				SWIFT_VERSION = 5.0;
				TARGETED_DEVICE_FAMILY = "1,2";
				TEST_TARGET_NAME = Photorama;
			};
			name = Release;
		};
/* End XCBuildConfiguration section */

/* Begin XCConfigurationList section */
		99B631422480A1CD00BED34A /* Build configuration list for PBXProject "Photorama" */ = {
			isa = XCConfigurationList;
			buildConfigurations = (
				99B6316F2480A1D400BED34A /* Debug */,
				99B631702480A1D400BED34A /* Release */,
			);
			defaultConfigurationIsVisible = 0;
			defaultConfigurationName = Release;
		};
		99B631712480A1D400BED34A /* Build configuration list for PBXNativeTarget "Photorama" */ = {
			isa = XCConfigurationList;
			buildConfigurations = (
				99B631722480A1D400BED34A /* Debug */,
				99B631732480A1D400BED34A /* Release */,
			);
			defaultConfigurationIsVisible = 0;
			defaultConfigurationName = Release;
		};
		99B631742480A1D400BED34A /* Build configuration list for PBXNativeTarget "PhotoramaTests" */ = {
			isa = XCConfigurationList;
			buildConfigurations = (
				99B631752480A1D400BED34A /* Debug */,
				99B631762480A1D400BED34A /* Release */,
			);
			defaultConfigurationIsVisible = 0;
			defaultConfigurationName = Release;
		};
		99B631772480A1D400BED34A /* Build configuration list for PBXNativeTarget "PhotoramaUITests" */ = {
			isa = XCConfigurationList;
			buildConfigurations = (
				99B631782480A1D400BED34A /* Debug */,
				99B631792480A1D400BED34A /* Release */,
			);
			defaultConfigurationIsVisible = 0;
			defaultConfigurationName = Release;
		};
/* End XCConfigurationList section */
	};
	rootObject = 99B6313F2480A1CD00BED34A /* Project object */;
}
