// !$*UTF8*$!
{
	archiveVersion = 1;
	classes = {
	};
	objectVersion = 50;
	objects = {

/* Begin PBXBuildFile section */
		9937819B24725A4B007CC238 /* AppDelegate.swift in Sources */ = {isa = PBXBuildFile; fileRef = 9937819A24725A4B007CC238 /* AppDelegate.swift */; };
		9937819D24725A4B007CC238 /* SceneDelegate.swift in Sources */ = {isa = PBXBuildFile; fileRef = 9937819C24725A4B007CC238 /* SceneDelegate.swift */; };
		9937819F24725A4B007CC238 /* ViewController.swift in Sources */ = {isa = PBXBuildFile; fileRef = 9937819E24725A4B007CC238 /* ViewController.swift */; };
		993781A224725A4B007CC238 /* Main.storyboard in Resources */ = {isa = PBXBuildFile; fileRef = 993781A024725A4B007CC238 /* Main.storyboard */; };
		993781A424725A4C007CC238 /* Assets.xcassets in Resources */ = {isa = PBXBuildFile; fileRef = 993781A324725A4C007CC238 /* Assets.xcassets */; };
		993781A724725A4C007CC238 /* LaunchScreen.storyboard in Resources */ = {isa = PBXBuildFile; fileRef = 993781A524725A4C007CC238 /* LaunchScreen.storyboard */; };
		993781B224725A4C007CC238 /* BuggyTests.swift in Sources */ = {isa = PBXBuildFile; fileRef = 993781B124725A4C007CC238 /* BuggyTests.swift */; };
		993781BD24725A4C007CC238 /* BuggyUITests.swift in Sources */ = {isa = PBXBuildFile; fileRef = 993781BC24725A4C007CC238 /* BuggyUITests.swift */; };
/* End PBXBuildFile section */

/* Begin PBXContainerItemProxy section */
		993781AE24725A4C007CC238 /* PBXContainerItemProxy */ = {
			isa = PBXContainerItemProxy;
			containerPortal = 9937818F24725A4B007CC238 /* Project object */;
			proxyType = 1;
			remoteGlobalIDString = 9937819624725A4B007CC238;
			remoteInfo = Buggy;
		};
		993781B924725A4C007CC238 /* PBXContainerItemProxy */ = {
			isa = PBXContainerItemProxy;
			containerPortal = 9937818F24725A4B007CC238 /* Project object */;
			proxyType = 1;
			remoteGlobalIDString = 9937819624725A4B007CC238;
			remoteInfo = Buggy;
		};
/* End PBXContainerItemProxy section */

/* Begin PBXFileReference section */
		9937819724725A4B007CC238 /* Buggy.app */ = {isa = PBXFileReference; explicitFileType = wrapper.application; includeInIndex = 0; path = Buggy.app; sourceTree = BUILT_PRODUCTS_DIR; };
		9937819A24725A4B007CC238 /* AppDelegate.swift */ = {isa = PBXFileReference; lastKnownFileType = sourcecode.swift; path = AppDelegate.swift; sourceTree = "<group>"; };
		9937819C24725A4B007CC238 /* SceneDelegate.swift */ = {isa = PBXFileReference; lastKnownFileType = sourcecode.swift; path = SceneDelegate.swift; sourceTree = "<group>"; };
		9937819E24725A4B007CC238 /* ViewController.swift */ = {isa = PBXFileReference; lastKnownFileType = sourcecode.swift; path = ViewController.swift; sourceTree = "<group>"; };
		993781A124725A4B007CC238 /* Base */ = {isa = PBXFileReference; lastKnownFileType = file.storyboard; name = Base; path = Base.lproj/Main.storyboard; sourceTree = "<group>"; };
		993781A324725A4C007CC238 /* Assets.xcassets */ = {isa = PBXFileReference; lastKnownFileType = folder.assetcatalog; path = Assets.xcassets; sourceTree = "<group>"; };
		993781A624725A4C007CC238 /* Base */ = {isa = PBXFileReference; lastKnownFileType = file.storyboard; name = Base; path = Base.lproj/LaunchScreen.storyboard; sourceTree = "<group>"; };
		993781A824725A4C007CC238 /* Info.plist */ = {isa = PBXFileReference; lastKnownFileType = text.plist.xml; path = Info.plist; sourceTree = "<group>"; };
		993781AD24725A4C007CC238 /* BuggyTests.xctest */ = {isa = PBXFileReference; explicitFileType = wrapper.cfbundle; includeInIndex = 0; path = BuggyTests.xctest; sourceTree = BUILT_PRODUCTS_DIR; };
		993781B124725A4C007CC238 /* BuggyTests.swift */ = {isa = PBXFileReference; lastKnownFileType = sourcecode.swift; path = BuggyTests.swift; sourceTree = "<group>"; };
		993781B324725A4C007CC238 /* Info.plist */ = {isa = PBXFileReference; lastKnownFileType = text.plist.xml; path = Info.plist; sourceTree = "<group>"; };
		993781B824725A4C007CC238 /* BuggyUITests.xctest */ = {isa = PBXFileReference; explicitFileType = wrapper.cfbundle; includeInIndex = 0; path = BuggyUITests.xctest; sourceTree = BUILT_PRODUCTS_DIR; };
		993781BC24725A4C007CC238 /* BuggyUITests.swift */ = {isa = PBXFileReference; lastKnownFileType = sourcecode.swift; path = BuggyUITests.swift; sourceTree = "<group>"; };
		993781BE24725A4C007CC238 /* Info.plist */ = {isa = PBXFileReference; lastKnownFileType = text.plist.xml; path = Info.plist; sourceTree = "<group>"; };
/* End PBXFileReference section */

/* Begin PBXFrameworksBuildPhase section */
		9937819424725A4B007CC238 /* Frameworks */ = {
			isa = PBXFrameworksBuildPhase;
			buildActionMask = 2147483647;
			files = (
			);
			runOnlyForDeploymentPostprocessing = 0;
		};
		993781AA24725A4C007CC238 /* Frameworks */ = {
			isa = PBXFrameworksBuildPhase;
			buildActionMask = 2147483647;
			files = (
			);
			runOnlyForDeploymentPostprocessing = 0;
		};
		993781B524725A4C007CC238 /* Frameworks */ = {
			isa = PBXFrameworksBuildPhase;
			buildActionMask = 2147483647;
			files = (
			);
			runOnlyForDeploymentPostprocessing = 0;
		};
/* End PBXFrameworksBuildPhase section */

/* Begin PBXGroup section */
		9937818E24725A4B007CC238 = {
			isa = PBXGroup;
			children = (
				9937819924725A4B007CC238 /* Buggy */,
				993781B024725A4C007CC238 /* BuggyTests */,
				993781BB24725A4C007CC238 /* BuggyUITests */,
				9937819824725A4B007CC238 /* Products */,
			);
			sourceTree = "<group>";
		};
		9937819824725A4B007CC238 /* Products */ = {
			isa = PBXGroup;
			children = (
				9937819724725A4B007CC238 /* Buggy.app */,
				993781AD24725A4C007CC238 /* BuggyTests.xctest */,
				993781B824725A4C007CC238 /* BuggyUITests.xctest */,
			);
			name = Products;
			sourceTree = "<group>";
		};
		9937819924725A4B007CC238 /* Buggy */ = {
			isa = PBXGroup;
			children = (
				9937819A24725A4B007CC238 /* AppDelegate.swift */,
				9937819C24725A4B007CC238 /* SceneDelegate.swift */,
				9937819E24725A4B007CC238 /* ViewController.swift */,
				993781A024725A4B007CC238 /* Main.storyboard */,
				993781A324725A4C007CC238 /* Assets.xcassets */,
				993781A524725A4C007CC238 /* LaunchScreen.storyboard */,
				993781A824725A4C007CC238 /* Info.plist */,
			);
			path = Buggy;
			sourceTree = "<group>";
		};
		993781B024725A4C007CC238 /* BuggyTests */ = {
			isa = PBXGroup;
			children = (
				993781B124725A4C007CC238 /* BuggyTests.swift */,
				993781B324725A4C007CC238 /* Info.plist */,
			);
			path = BuggyTests;
			sourceTree = "<group>";
		};
		993781BB24725A4C007CC238 /* BuggyUITests */ = {
			isa = PBXGroup;
			children = (
				993781BC24725A4C007CC238 /* BuggyUITests.swift */,
				993781BE24725A4C007CC238 /* Info.plist */,
			);
			path = BuggyUITests;
			sourceTree = "<group>";
		};
/* End PBXGroup section */

/* Begin PBXNativeTarget section */
		9937819624725A4B007CC238 /* Buggy */ = {
			isa = PBXNativeTarget;
			buildConfigurationList = 993781C124725A4C007CC238 /* Build configuration list for PBXNativeTarget "Buggy" */;
			buildPhases = (
				9937819324725A4B007CC238 /* Sources */,
				9937819424725A4B007CC238 /* Frameworks */,
				9937819524725A4B007CC238 /* Resources */,
			);
			buildRules = (
			);
			dependencies = (
			);
			name = Buggy;
			productName = Buggy;
			productReference = 9937819724725A4B007CC238 /* Buggy.app */;
			productType = "com.apple.product-type.application";
		};
		993781AC24725A4C007CC238 /* BuggyTests */ = {
			isa = PBXNativeTarget;
			buildConfigurationList = 993781C424725A4C007CC238 /* Build configuration list for PBXNativeTarget "BuggyTests" */;
			buildPhases = (
				993781A924725A4C007CC238 /* Sources */,
				993781AA24725A4C007CC238 /* Frameworks */,
				993781AB24725A4C007CC238 /* Resources */,
			);
			buildRules = (
			);
			dependencies = (
				993781AF24725A4C007CC238 /* PBXTargetDependency */,
			);
			name = BuggyTests;
			productName = BuggyTests;
			productReference = 993781AD24725A4C007CC238 /* BuggyTests.xctest */;
			productType = "com.apple.product-type.bundle.unit-test";
		};
		993781B724725A4C007CC238 /* BuggyUITests */ = {
			isa = PBXNativeTarget;
			buildConfigurationList = 993781C724725A4C007CC238 /* Build configuration list for PBXNativeTarget "BuggyUITests" */;
			buildPhases = (
				993781B424725A4C007CC238 /* Sources */,
				993781B524725A4C007CC238 /* Frameworks */,
				993781B624725A4C007CC238 /* Resources */,
			);
			buildRules = (
			);
			dependencies = (
				993781BA24725A4C007CC238 /* PBXTargetDependency */,
			);
			name = BuggyUITests;
			productName = BuggyUITests;
			productReference = 993781B824725A4C007CC238 /* BuggyUITests.xctest */;
			productType = "com.apple.product-type.bundle.ui-testing";
		};
/* End PBXNativeTarget section */

/* Begin PBXProject section */
		9937818F24725A4B007CC238 /* Project object */ = {
			isa = PBXProject;
			attributes = {
				LastSwiftUpdateCheck = 1140;
				LastUpgradeCheck = 1140;
				ORGANIZATIONNAME = paikwiki;
				TargetAttributes = {
					9937819624725A4B007CC238 = {
						CreatedOnToolsVersion = 11.4.1;
					};
					993781AC24725A4C007CC238 = {
						CreatedOnToolsVersion = 11.4.1;
						TestTargetID = 9937819624725A4B007CC238;
					};
					993781B724725A4C007CC238 = {
						CreatedOnToolsVersion = 11.4.1;
						TestTargetID = 9937819624725A4B007CC238;
					};
				};
			};
			buildConfigurationList = 9937819224725A4B007CC238 /* Build configuration list for PBXProject "Buggy" */;
			compatibilityVersion = "Xcode 9.3";
			developmentRegion = en;
			hasScannedForEncodings = 0;
			knownRegions = (
				en,
				Base,
			);
			mainGroup = 9937818E24725A4B007CC238;
			productRefGroup = 9937819824725A4B007CC238 /* Products */;
			projectDirPath = "";
			projectRoot = "";
			targets = (
				9937819624725A4B007CC238 /* Buggy */,
				993781AC24725A4C007CC238 /* BuggyTests */,
				993781B724725A4C007CC238 /* BuggyUITests */,
			);
		};
/* End PBXProject section */

/* Begin PBXResourcesBuildPhase section */
		9937819524725A4B007CC238 /* Resources */ = {
			isa = PBXResourcesBuildPhase;
			buildActionMask = 2147483647;
			files = (
				993781A724725A4C007CC238 /* LaunchScreen.storyboard in Resources */,
				993781A424725A4C007CC238 /* Assets.xcassets in Resources */,
				993781A224725A4B007CC238 /* Main.storyboard in Resources */,
			);
			runOnlyForDeploymentPostprocessing = 0;
		};
		993781AB24725A4C007CC238 /* Resources */ = {
			isa = PBXResourcesBuildPhase;
			buildActionMask = 2147483647;
			files = (
			);
			runOnlyForDeploymentPostprocessing = 0;
		};
		993781B624725A4C007CC238 /* Resources */ = {
			isa = PBXResourcesBuildPhase;
			buildActionMask = 2147483647;
			files = (
			);
			runOnlyForDeploymentPostprocessing = 0;
		};
/* End PBXResourcesBuildPhase section */

/* Begin PBXSourcesBuildPhase section */
		9937819324725A4B007CC238 /* Sources */ = {
			isa = PBXSourcesBuildPhase;
			buildActionMask = 2147483647;
			files = (
				9937819F24725A4B007CC238 /* ViewController.swift in Sources */,
				9937819B24725A4B007CC238 /* AppDelegate.swift in Sources */,
				9937819D24725A4B007CC238 /* SceneDelegate.swift in Sources */,
			);
			runOnlyForDeploymentPostprocessing = 0;
		};
		993781A924725A4C007CC238 /* Sources */ = {
			isa = PBXSourcesBuildPhase;
			buildActionMask = 2147483647;
			files = (
				993781B224725A4C007CC238 /* BuggyTests.swift in Sources */,
			);
			runOnlyForDeploymentPostprocessing = 0;
		};
		993781B424725A4C007CC238 /* Sources */ = {
			isa = PBXSourcesBuildPhase;
			buildActionMask = 2147483647;
			files = (
				993781BD24725A4C007CC238 /* BuggyUITests.swift in Sources */,
			);
			runOnlyForDeploymentPostprocessing = 0;
		};
/* End PBXSourcesBuildPhase section */

/* Begin PBXTargetDependency section */
		993781AF24725A4C007CC238 /* PBXTargetDependency */ = {
			isa = PBXTargetDependency;
			target = 9937819624725A4B007CC238 /* Buggy */;
			targetProxy = 993781AE24725A4C007CC238 /* PBXContainerItemProxy */;
		};
		993781BA24725A4C007CC238 /* PBXTargetDependency */ = {
			isa = PBXTargetDependency;
			target = 9937819624725A4B007CC238 /* Buggy */;
			targetProxy = 993781B924725A4C007CC238 /* PBXContainerItemProxy */;
		};
/* End PBXTargetDependency section */

/* Begin PBXVariantGroup section */
		993781A024725A4B007CC238 /* Main.storyboard */ = {
			isa = PBXVariantGroup;
			children = (
				993781A124725A4B007CC238 /* Base */,
			);
			name = Main.storyboard;
			sourceTree = "<group>";
		};
		993781A524725A4C007CC238 /* LaunchScreen.storyboard */ = {
			isa = PBXVariantGroup;
			children = (
				993781A624725A4C007CC238 /* Base */,
			);
			name = LaunchScreen.storyboard;
			sourceTree = "<group>";
		};
/* End PBXVariantGroup section */

/* Begin XCBuildConfiguration section */
		993781BF24725A4C007CC238 /* Debug */ = {
			isa = XCBuildConfiguration;
			buildSettings = {
				ALWAYS_SEARCH_USER_PATHS = NO;
				CLANG_ANALYZER_NONNULL = YES;
				CLANG_ANALYZER_NUMBER_OBJECT_CONVERSION = YES_AGGRESSIVE;
				CLANG_CXX_LANGUAGE_STANDARD = "gnu++14";
				CLANG_CXX_LIBRARY = "libc++";
				CLANG_ENABLE_MODULES = YES;
				CLANG_ENABLE_OBJC_ARC = YES;
				CLANG_ENABLE_OBJC_WEAK = YES;
				CLANG_WARN_BLOCK_CAPTURE_AUTORELEASING = YES;
				CLANG_WARN_BOOL_CONVERSION = YES;
				CLANG_WARN_COMMA = YES;
				CLANG_WARN_CONSTANT_CONVERSION = YES;
				CLANG_WARN_DEPRECATED_OBJC_IMPLEMENTATIONS = YES;
				CLANG_WARN_DIRECT_OBJC_ISA_USAGE = YES_ERROR;
				CLANG_WARN_DOCUMENTATION_COMMENTS = YES;
				CLANG_WARN_EMPTY_BODY = YES;
				CLANG_WARN_ENUM_CONVERSION = YES;
				CLANG_WARN_INFINITE_RECURSION = YES;
				CLANG_WARN_INT_CONVERSION = YES;
				CLANG_WARN_NON_LITERAL_NULL_CONVERSION = YES;
				CLANG_WARN_OBJC_IMPLICIT_RETAIN_SELF = YES;
				CLANG_WARN_OBJC_LITERAL_CONVERSION = YES;
				CLANG_WARN_OBJC_ROOT_CLASS = YES_ERROR;
				CLANG_WARN_RANGE_LOOP_ANALYSIS = YES;
				CLANG_WARN_STRICT_PROTOTYPES = YES;
				CLANG_WARN_SUSPICIOUS_MOVE = YES;
				CLANG_WARN_UNGUARDED_AVAILABILITY = YES_AGGRESSIVE;
				CLANG_WARN_UNREACHABLE_CODE = YES;
				CLANG_WARN__DUPLICATE_METHOD_MATCH = YES;
				COPY_PHASE_STRIP = NO;
				DEBUG_INFORMATION_FORMAT = dwarf;
				ENABLE_STRICT_OBJC_MSGSEND = YES;
				ENABLE_TESTABILITY = YES;
				GCC_C_LANGUAGE_STANDARD = gnu11;
				GCC_DYNAMIC_NO_PIC = NO;
				GCC_NO_COMMON_BLOCKS = YES;
				GCC_OPTIMIZATION_LEVEL = 0;
				GCC_PREPROCESSOR_DEFINITIONS = (
					"DEBUG=1",
					"$(inherited)",
				);
				GCC_WARN_64_TO_32_BIT_CONVERSION = YES;
				GCC_WARN_ABOUT_RETURN_TYPE = YES_ERROR;
				GCC_WARN_UNDECLARED_SELECTOR = YES;
				GCC_WARN_UNINITIALIZED_AUTOS = YES_AGGRESSIVE;
				GCC_WARN_UNUSED_FUNCTION = YES;
				GCC_WARN_UNUSED_VARIABLE = YES;
				IPHONEOS_DEPLOYMENT_TARGET = 13.4;
				MTL_ENABLE_DEBUG_INFO = INCLUDE_SOURCE;
				MTL_FAST_MATH = YES;
				ONLY_ACTIVE_ARCH = YES;
				SDKROOT = iphoneos;
				SWIFT_ACTIVE_COMPILATION_CONDITIONS = DEBUG;
				SWIFT_OPTIMIZATION_LEVEL = "-Onone";
			};
			name = Debug;
		};
		993781C024725A4C007CC238 /* Release */ = {
			isa = XCBuildConfiguration;
			buildSettings = {
				ALWAYS_SEARCH_USER_PATHS = NO;
				CLANG_ANALYZER_NONNULL = YES;
				CLANG_ANALYZER_NUMBER_OBJECT_CONVERSION = YES_AGGRESSIVE;
				CLANG_CXX_LANGUAGE_STANDARD = "gnu++14";
				CLANG_CXX_LIBRARY = "libc++";
				CLANG_ENABLE_MODULES = YES;
				CLANG_ENABLE_OBJC_ARC = YES;
				CLANG_ENABLE_OBJC_WEAK = YES;
				CLANG_WARN_BLOCK_CAPTURE_AUTORELEASING = YES;
				CLANG_WARN_BOOL_CONVERSION = YES;
				CLANG_WARN_COMMA = YES;
				CLANG_WARN_CONSTANT_CONVERSION = YES;
				CLANG_WARN_DEPRECATED_OBJC_IMPLEMENTATIONS = YES;
				CLANG_WARN_DIRECT_OBJC_ISA_USAGE = YES_ERROR;
				CLANG_WARN_DOCUMENTATION_COMMENTS = YES;
				CLANG_WARN_EMPTY_BODY = YES;
				CLANG_WARN_ENUM_CONVERSION = YES;
				CLANG_WARN_INFINITE_RECURSION = YES;
				CLANG_WARN_INT_CONVERSION = YES;
				CLANG_WARN_NON_LITERAL_NULL_CONVERSION = YES;
				CLANG_WARN_OBJC_IMPLICIT_RETAIN_SELF = YES;
				CLANG_WARN_OBJC_LITERAL_CONVERSION = YES;
				CLANG_WARN_OBJC_ROOT_CLASS = YES_ERROR;
				CLANG_WARN_RANGE_LOOP_ANALYSIS = YES;
				CLANG_WARN_STRICT_PROTOTYPES = YES;
				CLANG_WARN_SUSPICIOUS_MOVE = YES;
				CLANG_WARN_UNGUARDED_AVAILABILITY = YES_AGGRESSIVE;
				CLANG_WARN_UNREACHABLE_CODE = YES;
				CLANG_WARN__DUPLICATE_METHOD_MATCH = YES;
				COPY_PHASE_STRIP = NO;
				DEBUG_INFORMATION_FORMAT = "dwarf-with-dsym";
				ENABLE_NS_ASSERTIONS = NO;
				ENABLE_STRICT_OBJC_MSGSEND = YES;
				GCC_C_LANGUAGE_STANDARD = gnu11;
				GCC_NO_COMMON_BLOCKS = YES;
				GCC_WARN_64_TO_32_BIT_CONVERSION = YES;
				GCC_WARN_ABOUT_RETURN_TYPE = YES_ERROR;
				GCC_WARN_UNDECLARED_SELECTOR = YES;
				GCC_WARN_UNINITIALIZED_AUTOS = YES_AGGRESSIVE;
				GCC_WARN_UNUSED_FUNCTION = YES;
				GCC_WARN_UNUSED_VARIABLE = YES;
				IPHONEOS_DEPLOYMENT_TARGET = 13.4;
				MTL_ENABLE_DEBUG_INFO = NO;
				MTL_FAST_MATH = YES;
				SDKROOT = iphoneos;
				SWIFT_COMPILATION_MODE = wholemodule;
				SWIFT_OPTIMIZATION_LEVEL = "-O";
				VALIDATE_PRODUCT = YES;
			};
			name = Release;
		};
		993781C224725A4C007CC238 /* Debug */ = {
			isa = XCBuildConfiguration;
			buildSettings = {
				ASSETCATALOG_COMPILER_APPICON_NAME = AppIcon;
				CODE_SIGN_STYLE = Automatic;
				DEVELOPMENT_TEAM = V43P33VM9J;
				INFOPLIST_FILE = Buggy/Info.plist;
				LD_RUNPATH_SEARCH_PATHS = (
					"$(inherited)",
					"@executable_path/Frameworks",
				);
				PRODUCT_BUNDLE_IDENTIFIER = com.paikwiki.Buggy;
				PRODUCT_NAME = "$(TARGET_NAME)";
				SWIFT_VERSION = 5.0;
				TARGETED_DEVICE_FAMILY = "1,2";
			};
			name = Debug;
		};
		993781C324725A4C007CC238 /* Release */ = {
			isa = XCBuildConfiguration;
			buildSettings = {
				ASSETCATALOG_COMPILER_APPICON_NAME = AppIcon;
				CODE_SIGN_STYLE = Automatic;
				DEVELOPMENT_TEAM = V43P33VM9J;
				INFOPLIST_FILE = Buggy/Info.plist;
				LD_RUNPATH_SEARCH_PATHS = (
					"$(inherited)",
					"@executable_path/Frameworks",
				);
				PRODUCT_BUNDLE_IDENTIFIER = com.paikwiki.Buggy;
				PRODUCT_NAME = "$(TARGET_NAME)";
				SWIFT_VERSION = 5.0;
				TARGETED_DEVICE_FAMILY = "1,2";
			};
			name = Release;
		};
		993781C524725A4C007CC238 /* Debug */ = {
			isa = XCBuildConfiguration;
			buildSettings = {
				ALWAYS_EMBED_SWIFT_STANDARD_LIBRARIES = YES;
				BUNDLE_LOADER = "$(TEST_HOST)";
				CODE_SIGN_STYLE = Automatic;
				DEVELOPMENT_TEAM = V43P33VM9J;
				INFOPLIST_FILE = BuggyTests/Info.plist;
				IPHONEOS_DEPLOYMENT_TARGET = 13.4;
				LD_RUNPATH_SEARCH_PATHS = (
					"$(inherited)",
					"@executable_path/Frameworks",
					"@loader_path/Frameworks",
				);
				PRODUCT_BUNDLE_IDENTIFIER = com.paikwiki.BuggyTests;
				PRODUCT_NAME = "$(TARGET_NAME)";
				SWIFT_VERSION = 5.0;
				TARGETED_DEVICE_FAMILY = "1,2";
				TEST_HOST = "$(BUILT_PRODUCTS_DIR)/Buggy.app/Buggy";
			};
			name = Debug;
		};
		993781C624725A4C007CC238 /* Release */ = {
			isa = XCBuildConfiguration;
			buildSettings = {
				ALWAYS_EMBED_SWIFT_STANDARD_LIBRARIES = YES;
				BUNDLE_LOADER = "$(TEST_HOST)";
				CODE_SIGN_STYLE = Automatic;
				DEVELOPMENT_TEAM = V43P33VM9J;
				INFOPLIST_FILE = BuggyTests/Info.plist;
				IPHONEOS_DEPLOYMENT_TARGET = 13.4;
				LD_RUNPATH_SEARCH_PATHS = (
					"$(inherited)",
					"@executable_path/Frameworks",
					"@loader_path/Frameworks",
				);
				PRODUCT_BUNDLE_IDENTIFIER = com.paikwiki.BuggyTests;
				PRODUCT_NAME = "$(TARGET_NAME)";
				SWIFT_VERSION = 5.0;
				TARGETED_DEVICE_FAMILY = "1,2";
				TEST_HOST = "$(BUILT_PRODUCTS_DIR)/Buggy.app/Buggy";
			};
			name = Release;
		};
		993781C824725A4C007CC238 /* Debug */ = {
			isa = XCBuildConfiguration;
			buildSettings = {
				ALWAYS_EMBED_SWIFT_STANDARD_LIBRARIES = YES;
				CODE_SIGN_STYLE = Automatic;
				DEVELOPMENT_TEAM = V43P33VM9J;
				INFOPLIST_FILE = BuggyUITests/Info.plist;
				LD_RUNPATH_SEARCH_PATHS = (
					"$(inherited)",
					"@executable_path/Frameworks",
					"@loader_path/Frameworks",
				);
				PRODUCT_BUNDLE_IDENTIFIER = com.paikwiki.BuggyUITests;
				PRODUCT_NAME = "$(TARGET_NAME)";
				SWIFT_VERSION = 5.0;
				TARGETED_DEVICE_FAMILY = "1,2";
				TEST_TARGET_NAME = Buggy;
			};
			name = Debug;
		};
		993781C924725A4C007CC238 /* Release */ = {
			isa = XCBuildConfiguration;
			buildSettings = {
				ALWAYS_EMBED_SWIFT_STANDARD_LIBRARIES = YES;
				CODE_SIGN_STYLE = Automatic;
				DEVELOPMENT_TEAM = V43P33VM9J;
				INFOPLIST_FILE = BuggyUITests/Info.plist;
				LD_RUNPATH_SEARCH_PATHS = (
					"$(inherited)",
					"@executable_path/Frameworks",
					"@loader_path/Frameworks",
				);
				PRODUCT_BUNDLE_IDENTIFIER = com.paikwiki.BuggyUITests;
				PRODUCT_NAME = "$(TARGET_NAME)";
				SWIFT_VERSION = 5.0;
				TARGETED_DEVICE_FAMILY = "1,2";
				TEST_TARGET_NAME = Buggy;
			};
			name = Release;
		};
/* End XCBuildConfiguration section */

/* Begin XCConfigurationList section */
		9937819224725A4B007CC238 /* Build configuration list for PBXProject "Buggy" */ = {
			isa = XCConfigurationList;
			buildConfigurations = (
				993781BF24725A4C007CC238 /* Debug */,
				993781C024725A4C007CC238 /* Release */,
			);
			defaultConfigurationIsVisible = 0;
			defaultConfigurationName = Release;
		};
		993781C124725A4C007CC238 /* Build configuration list for PBXNativeTarget "Buggy" */ = {
			isa = XCConfigurationList;
			buildConfigurations = (
				993781C224725A4C007CC238 /* Debug */,
				993781C324725A4C007CC238 /* Release */,
			);
			defaultConfigurationIsVisible = 0;
			defaultConfigurationName = Release;
		};
		993781C424725A4C007CC238 /* Build configuration list for PBXNativeTarget "BuggyTests" */ = {
			isa = XCConfigurationList;
			buildConfigurations = (
				993781C524725A4C007CC238 /* Debug */,
				993781C624725A4C007CC238 /* Release */,
			);
			defaultConfigurationIsVisible = 0;
			defaultConfigurationName = Release;
		};
		993781C724725A4C007CC238 /* Build configuration list for PBXNativeTarget "BuggyUITests" */ = {
			isa = XCConfigurationList;
			buildConfigurations = (
				993781C824725A4C007CC238 /* Debug */,
				993781C924725A4C007CC238 /* Release */,
			);
			defaultConfigurationIsVisible = 0;
			defaultConfigurationName = Release;
		};
/* End XCConfigurationList section */
	};
	rootObject = 9937818F24725A4B007CC238 /* Project object */;
}
