// !$*UTF8*$!
{
	archiveVersion = 1;
	classes = {
	};
	objectVersion = 50;
	objects = {

/* Begin PBXBuildFile section */
		992EC987246BC20300744B8E /* MapViewController.swift in Sources */ = {isa = PBXBuildFile; fileRef = 992EC986246BC20300744B8E /* MapViewController.swift */; };
		994A5B18246A82690094D4BC /* AppDelegate.swift in Sources */ = {isa = PBXBuildFile; fileRef = 994A5B17246A82690094D4BC /* AppDelegate.swift */; };
		994A5B1A246A82690094D4BC /* SceneDelegate.swift in Sources */ = {isa = PBXBuildFile; fileRef = 994A5B19246A82690094D4BC /* SceneDelegate.swift */; };
		994A5B1C246A82690094D4BC /* ConversionViewController.swift in Sources */ = {isa = PBXBuildFile; fileRef = 994A5B1B246A82690094D4BC /* ConversionViewController.swift */; };
		994A5B1F246A82690094D4BC /* Main.storyboard in Resources */ = {isa = PBXBuildFile; fileRef = 994A5B1D246A82690094D4BC /* Main.storyboard */; };
		994A5B21246A82740094D4BC /* Assets.xcassets in Resources */ = {isa = PBXBuildFile; fileRef = 994A5B20246A82740094D4BC /* Assets.xcassets */; };
		994A5B24246A82740094D4BC /* LaunchScreen.storyboard in Resources */ = {isa = PBXBuildFile; fileRef = 994A5B22246A82740094D4BC /* LaunchScreen.storyboard */; };
		994A5B2F246A82750094D4BC /* WorldTrotterTests.swift in Sources */ = {isa = PBXBuildFile; fileRef = 994A5B2E246A82750094D4BC /* WorldTrotterTests.swift */; };
		994A5B3A246A82750094D4BC /* WorldTrotterUITests.swift in Sources */ = {isa = PBXBuildFile; fileRef = 994A5B39246A82750094D4BC /* WorldTrotterUITests.swift */; };
/* End PBXBuildFile section */

/* Begin PBXContainerItemProxy section */
		994A5B2B246A82750094D4BC /* PBXContainerItemProxy */ = {
			isa = PBXContainerItemProxy;
			containerPortal = 994A5B0C246A82690094D4BC /* Project object */;
			proxyType = 1;
			remoteGlobalIDString = 994A5B13246A82690094D4BC;
			remoteInfo = WorldTrotter;
		};
		994A5B36246A82750094D4BC /* PBXContainerItemProxy */ = {
			isa = PBXContainerItemProxy;
			containerPortal = 994A5B0C246A82690094D4BC /* Project object */;
			proxyType = 1;
			remoteGlobalIDString = 994A5B13246A82690094D4BC;
			remoteInfo = WorldTrotter;
		};
/* End PBXContainerItemProxy section */

/* Begin PBXFileReference section */
		992EC986246BC20300744B8E /* MapViewController.swift */ = {isa = PBXFileReference; lastKnownFileType = sourcecode.swift; path = MapViewController.swift; sourceTree = "<group>"; };
		994A5B14246A82690094D4BC /* WorldTrotter.app */ = {isa = PBXFileReference; explicitFileType = wrapper.application; includeInIndex = 0; path = WorldTrotter.app; sourceTree = BUILT_PRODUCTS_DIR; };
		994A5B17246A82690094D4BC /* AppDelegate.swift */ = {isa = PBXFileReference; lastKnownFileType = sourcecode.swift; path = AppDelegate.swift; sourceTree = "<group>"; };
		994A5B19246A82690094D4BC /* SceneDelegate.swift */ = {isa = PBXFileReference; lastKnownFileType = sourcecode.swift; path = SceneDelegate.swift; sourceTree = "<group>"; };
		994A5B1B246A82690094D4BC /* ConversionViewController.swift */ = {isa = PBXFileReference; lastKnownFileType = sourcecode.swift; path = ConversionViewController.swift; sourceTree = "<group>"; };
		994A5B1E246A82690094D4BC /* Base */ = {isa = PBXFileReference; lastKnownFileType = file.storyboard; name = Base; path = Base.lproj/Main.storyboard; sourceTree = "<group>"; };
		994A5B20246A82740094D4BC /* Assets.xcassets */ = {isa = PBXFileReference; lastKnownFileType = folder.assetcatalog; path = Assets.xcassets; sourceTree = "<group>"; };
		994A5B23246A82740094D4BC /* Base */ = {isa = PBXFileReference; lastKnownFileType = file.storyboard; name = Base; path = Base.lproj/LaunchScreen.storyboard; sourceTree = "<group>"; };
		994A5B25246A82740094D4BC /* Info.plist */ = {isa = PBXFileReference; lastKnownFileType = text.plist.xml; path = Info.plist; sourceTree = "<group>"; };
		994A5B2A246A82750094D4BC /* WorldTrotterTests.xctest */ = {isa = PBXFileReference; explicitFileType = wrapper.cfbundle; includeInIndex = 0; path = WorldTrotterTests.xctest; sourceTree = BUILT_PRODUCTS_DIR; };
		994A5B2E246A82750094D4BC /* WorldTrotterTests.swift */ = {isa = PBXFileReference; lastKnownFileType = sourcecode.swift; path = WorldTrotterTests.swift; sourceTree = "<group>"; };
		994A5B30246A82750094D4BC /* Info.plist */ = {isa = PBXFileReference; lastKnownFileType = text.plist.xml; path = Info.plist; sourceTree = "<group>"; };
		994A5B35246A82750094D4BC /* WorldTrotterUITests.xctest */ = {isa = PBXFileReference; explicitFileType = wrapper.cfbundle; includeInIndex = 0; path = WorldTrotterUITests.xctest; sourceTree = BUILT_PRODUCTS_DIR; };
		994A5B39246A82750094D4BC /* WorldTrotterUITests.swift */ = {isa = PBXFileReference; lastKnownFileType = sourcecode.swift; path = WorldTrotterUITests.swift; sourceTree = "<group>"; };
		994A5B3B246A82750094D4BC /* Info.plist */ = {isa = PBXFileReference; lastKnownFileType = text.plist.xml; path = Info.plist; sourceTree = "<group>"; };
		99D73762246D0059002B97C9 /* MapKit.framework */ = {isa = PBXFileReference; lastKnownFileType = wrapper.framework; name = MapKit.framework; path = System/Library/Frameworks/MapKit.framework; sourceTree = SDKROOT; };
/* End PBXFileReference section */

/* Begin PBXFrameworksBuildPhase section */
		994A5B11246A82690094D4BC /* Frameworks */ = {
			isa = PBXFrameworksBuildPhase;
			buildActionMask = 2147483647;
			files = (
			);
			runOnlyForDeploymentPostprocessing = 0;
		};
		994A5B27246A82750094D4BC /* Frameworks */ = {
			isa = PBXFrameworksBuildPhase;
			buildActionMask = 2147483647;
			files = (
			);
			runOnlyForDeploymentPostprocessing = 0;
		};
		994A5B32246A82750094D4BC /* Frameworks */ = {
			isa = PBXFrameworksBuildPhase;
			buildActionMask = 2147483647;
			files = (
			);
			runOnlyForDeploymentPostprocessing = 0;
		};
/* End PBXFrameworksBuildPhase section */

/* Begin PBXGroup section */
		994A5B0B246A82690094D4BC = {
			isa = PBXGroup;
			children = (
				994A5B16246A82690094D4BC /* WorldTrotter */,
				994A5B2D246A82750094D4BC /* WorldTrotterTests */,
				994A5B38246A82750094D4BC /* WorldTrotterUITests */,
				994A5B15246A82690094D4BC /* Products */,
				99D73761246D0059002B97C9 /* Frameworks */,
			);
			sourceTree = "<group>";
		};
		994A5B15246A82690094D4BC /* Products */ = {
			isa = PBXGroup;
			children = (
				994A5B14246A82690094D4BC /* WorldTrotter.app */,
				994A5B2A246A82750094D4BC /* WorldTrotterTests.xctest */,
				994A5B35246A82750094D4BC /* WorldTrotterUITests.xctest */,
			);
			name = Products;
			sourceTree = "<group>";
		};
		994A5B16246A82690094D4BC /* WorldTrotter */ = {
			isa = PBXGroup;
			children = (
				994A5B17246A82690094D4BC /* AppDelegate.swift */,
				994A5B19246A82690094D4BC /* SceneDelegate.swift */,
				994A5B1B246A82690094D4BC /* ConversionViewController.swift */,
				994A5B1D246A82690094D4BC /* Main.storyboard */,
				992EC986246BC20300744B8E /* MapViewController.swift */,
				994A5B20246A82740094D4BC /* Assets.xcassets */,
				994A5B22246A82740094D4BC /* LaunchScreen.storyboard */,
				994A5B25246A82740094D4BC /* Info.plist */,
			);
			path = WorldTrotter;
			sourceTree = "<group>";
		};
		994A5B2D246A82750094D4BC /* WorldTrotterTests */ = {
			isa = PBXGroup;
			children = (
				994A5B2E246A82750094D4BC /* WorldTrotterTests.swift */,
				994A5B30246A82750094D4BC /* Info.plist */,
			);
			path = WorldTrotterTests;
			sourceTree = "<group>";
		};
		994A5B38246A82750094D4BC /* WorldTrotterUITests */ = {
			isa = PBXGroup;
			children = (
				994A5B39246A82750094D4BC /* WorldTrotterUITests.swift */,
				994A5B3B246A82750094D4BC /* Info.plist */,
			);
			path = WorldTrotterUITests;
			sourceTree = "<group>";
		};
		99D73761246D0059002B97C9 /* Frameworks */ = {
			isa = PBXGroup;
			children = (
				99D73762246D0059002B97C9 /* MapKit.framework */,
			);
			name = Frameworks;
			sourceTree = "<group>";
		};
/* End PBXGroup section */

/* Begin PBXNativeTarget section */
		994A5B13246A82690094D4BC /* WorldTrotter */ = {
			isa = PBXNativeTarget;
			buildConfigurationList = 994A5B3E246A82750094D4BC /* Build configuration list for PBXNativeTarget "WorldTrotter" */;
			buildPhases = (
				994A5B10246A82690094D4BC /* Sources */,
				994A5B11246A82690094D4BC /* Frameworks */,
				994A5B12246A82690094D4BC /* Resources */,
			);
			buildRules = (
			);
			dependencies = (
			);
			name = WorldTrotter;
			productName = WorldTrotter;
			productReference = 994A5B14246A82690094D4BC /* WorldTrotter.app */;
			productType = "com.apple.product-type.application";
		};
		994A5B29246A82750094D4BC /* WorldTrotterTests */ = {
			isa = PBXNativeTarget;
			buildConfigurationList = 994A5B41246A82750094D4BC /* Build configuration list for PBXNativeTarget "WorldTrotterTests" */;
			buildPhases = (
				994A5B26246A82750094D4BC /* Sources */,
				994A5B27246A82750094D4BC /* Frameworks */,
				994A5B28246A82750094D4BC /* Resources */,
			);
			buildRules = (
			);
			dependencies = (
				994A5B2C246A82750094D4BC /* PBXTargetDependency */,
			);
			name = WorldTrotterTests;
			productName = WorldTrotterTests;
			productReference = 994A5B2A246A82750094D4BC /* WorldTrotterTests.xctest */;
			productType = "com.apple.product-type.bundle.unit-test";
		};
		994A5B34246A82750094D4BC /* WorldTrotterUITests */ = {
			isa = PBXNativeTarget;
			buildConfigurationList = 994A5B44246A82750094D4BC /* Build configuration list for PBXNativeTarget "WorldTrotterUITests" */;
			buildPhases = (
				994A5B31246A82750094D4BC /* Sources */,
				994A5B32246A82750094D4BC /* Frameworks */,
				994A5B33246A82750094D4BC /* Resources */,
			);
			buildRules = (
			);
			dependencies = (
				994A5B37246A82750094D4BC /* PBXTargetDependency */,
			);
			name = WorldTrotterUITests;
			productName = WorldTrotterUITests;
			productReference = 994A5B35246A82750094D4BC /* WorldTrotterUITests.xctest */;
			productType = "com.apple.product-type.bundle.ui-testing";
		};
/* End PBXNativeTarget section */

/* Begin PBXProject section */
		994A5B0C246A82690094D4BC /* Project object */ = {
			isa = PBXProject;
			attributes = {
				LastSwiftUpdateCheck = 1140;
				LastUpgradeCheck = 1140;
				ORGANIZATIONNAME = paikwiki;
				TargetAttributes = {
					994A5B13246A82690094D4BC = {
						CreatedOnToolsVersion = 11.4.1;
					};
					994A5B29246A82750094D4BC = {
						CreatedOnToolsVersion = 11.4.1;
						TestTargetID = 994A5B13246A82690094D4BC;
					};
					994A5B34246A82750094D4BC = {
						CreatedOnToolsVersion = 11.4.1;
						TestTargetID = 994A5B13246A82690094D4BC;
					};
				};
			};
			buildConfigurationList = 994A5B0F246A82690094D4BC /* Build configuration list for PBXProject "WorldTrotter" */;
			compatibilityVersion = "Xcode 9.3";
			developmentRegion = en;
			hasScannedForEncodings = 0;
			knownRegions = (
				en,
				Base,
			);
			mainGroup = 994A5B0B246A82690094D4BC;
			productRefGroup = 994A5B15246A82690094D4BC /* Products */;
			projectDirPath = "";
			projectRoot = "";
			targets = (
				994A5B13246A82690094D4BC /* WorldTrotter */,
				994A5B29246A82750094D4BC /* WorldTrotterTests */,
				994A5B34246A82750094D4BC /* WorldTrotterUITests */,
			);
		};
/* End PBXProject section */

/* Begin PBXResourcesBuildPhase section */
		994A5B12246A82690094D4BC /* Resources */ = {
			isa = PBXResourcesBuildPhase;
			buildActionMask = 2147483647;
			files = (
				994A5B24246A82740094D4BC /* LaunchScreen.storyboard in Resources */,
				994A5B21246A82740094D4BC /* Assets.xcassets in Resources */,
				994A5B1F246A82690094D4BC /* Main.storyboard in Resources */,
			);
			runOnlyForDeploymentPostprocessing = 0;
		};
		994A5B28246A82750094D4BC /* Resources */ = {
			isa = PBXResourcesBuildPhase;
			buildActionMask = 2147483647;
			files = (
			);
			runOnlyForDeploymentPostprocessing = 0;
		};
		994A5B33246A82750094D4BC /* Resources */ = {
			isa = PBXResourcesBuildPhase;
			buildActionMask = 2147483647;
			files = (
			);
			runOnlyForDeploymentPostprocessing = 0;
		};
/* End PBXResourcesBuildPhase section */

/* Begin PBXSourcesBuildPhase section */
		994A5B10246A82690094D4BC /* Sources */ = {
			isa = PBXSourcesBuildPhase;
			buildActionMask = 2147483647;
			files = (
				994A5B1C246A82690094D4BC /* ConversionViewController.swift in Sources */,
				994A5B18246A82690094D4BC /* AppDelegate.swift in Sources */,
				994A5B1A246A82690094D4BC /* SceneDelegate.swift in Sources */,
				992EC987246BC20300744B8E /* MapViewController.swift in Sources */,
			);
			runOnlyForDeploymentPostprocessing = 0;
		};
		994A5B26246A82750094D4BC /* Sources */ = {
			isa = PBXSourcesBuildPhase;
			buildActionMask = 2147483647;
			files = (
				994A5B2F246A82750094D4BC /* WorldTrotterTests.swift in Sources */,
			);
			runOnlyForDeploymentPostprocessing = 0;
		};
		994A5B31246A82750094D4BC /* Sources */ = {
			isa = PBXSourcesBuildPhase;
			buildActionMask = 2147483647;
			files = (
				994A5B3A246A82750094D4BC /* WorldTrotterUITests.swift in Sources */,
			);
			runOnlyForDeploymentPostprocessing = 0;
		};
/* End PBXSourcesBuildPhase section */

/* Begin PBXTargetDependency section */
		994A5B2C246A82750094D4BC /* PBXTargetDependency */ = {
			isa = PBXTargetDependency;
			target = 994A5B13246A82690094D4BC /* WorldTrotter */;
			targetProxy = 994A5B2B246A82750094D4BC /* PBXContainerItemProxy */;
		};
		994A5B37246A82750094D4BC /* PBXTargetDependency */ = {
			isa = PBXTargetDependency;
			target = 994A5B13246A82690094D4BC /* WorldTrotter */;
			targetProxy = 994A5B36246A82750094D4BC /* PBXContainerItemProxy */;
		};
/* End PBXTargetDependency section */

/* Begin PBXVariantGroup section */
		994A5B1D246A82690094D4BC /* Main.storyboard */ = {
			isa = PBXVariantGroup;
			children = (
				994A5B1E246A82690094D4BC /* Base */,
			);
			name = Main.storyboard;
			sourceTree = "<group>";
		};
		994A5B22246A82740094D4BC /* LaunchScreen.storyboard */ = {
			isa = PBXVariantGroup;
			children = (
				994A5B23246A82740094D4BC /* Base */,
			);
			name = LaunchScreen.storyboard;
			sourceTree = "<group>";
		};
/* End PBXVariantGroup section */

/* Begin XCBuildConfiguration section */
		994A5B3C246A82750094D4BC /* Debug */ = {
			isa = XCBuildConfiguration;
			buildSettings = {
				ALWAYS_SEARCH_USER_PATHS = NO;
				CLANG_ANALYZER_NONNULL = YES;
				CLANG_ANALYZER_NUMBER_OBJECT_CONVERSION = YES_AGGRESSIVE;
				CLANG_CXX_LANGUAGE_STANDARD = "gnu++14";
				CLANG_CXX_LIBRARY = "libc++";
				CLANG_ENABLE_MODULES = YES;
				CLANG_ENABLE_OBJC_ARC = YES;
				CLANG_ENABLE_OBJC_WEAK = YES;
				CLANG_WARN_BLOCK_CAPTURE_AUTORELEASING = YES;
				CLANG_WARN_BOOL_CONVERSION = YES;
				CLANG_WARN_COMMA = YES;
				CLANG_WARN_CONSTANT_CONVERSION = YES;
				CLANG_WARN_DEPRECATED_OBJC_IMPLEMENTATIONS = YES;
				CLANG_WARN_DIRECT_OBJC_ISA_USAGE = YES_ERROR;
				CLANG_WARN_DOCUMENTATION_COMMENTS = YES;
				CLANG_WARN_EMPTY_BODY = YES;
				CLANG_WARN_ENUM_CONVERSION = YES;
				CLANG_WARN_INFINITE_RECURSION = YES;
				CLANG_WARN_INT_CONVERSION = YES;
				CLANG_WARN_NON_LITERAL_NULL_CONVERSION = YES;
				CLANG_WARN_OBJC_IMPLICIT_RETAIN_SELF = YES;
				CLANG_WARN_OBJC_LITERAL_CONVERSION = YES;
				CLANG_WARN_OBJC_ROOT_CLASS = YES_ERROR;
				CLANG_WARN_RANGE_LOOP_ANALYSIS = YES;
				CLANG_WARN_STRICT_PROTOTYPES = YES;
				CLANG_WARN_SUSPICIOUS_MOVE = YES;
				CLANG_WARN_UNGUARDED_AVAILABILITY = YES_AGGRESSIVE;
				CLANG_WARN_UNREACHABLE_CODE = YES;
				CLANG_WARN__DUPLICATE_METHOD_MATCH = YES;
				COPY_PHASE_STRIP = NO;
				DEBUG_INFORMATION_FORMAT = dwarf;
				ENABLE_STRICT_OBJC_MSGSEND = YES;
				ENABLE_TESTABILITY = YES;
				GCC_C_LANGUAGE_STANDARD = gnu11;
				GCC_DYNAMIC_NO_PIC = NO;
				GCC_NO_COMMON_BLOCKS = YES;
				GCC_OPTIMIZATION_LEVEL = 0;
				GCC_PREPROCESSOR_DEFINITIONS = (
					"DEBUG=1",
					"$(inherited)",
				);
				GCC_WARN_64_TO_32_BIT_CONVERSION = YES;
				GCC_WARN_ABOUT_RETURN_TYPE = YES_ERROR;
				GCC_WARN_UNDECLARED_SELECTOR = YES;
				GCC_WARN_UNINITIALIZED_AUTOS = YES_AGGRESSIVE;
				GCC_WARN_UNUSED_FUNCTION = YES;
				GCC_WARN_UNUSED_VARIABLE = YES;
				IPHONEOS_DEPLOYMENT_TARGET = 13.4;
				MTL_ENABLE_DEBUG_INFO = INCLUDE_SOURCE;
				MTL_FAST_MATH = YES;
				ONLY_ACTIVE_ARCH = YES;
				SDKROOT = iphoneos;
				SWIFT_ACTIVE_COMPILATION_CONDITIONS = DEBUG;
				SWIFT_OPTIMIZATION_LEVEL = "-Onone";
			};
			name = Debug;
		};
		994A5B3D246A82750094D4BC /* Release */ = {
			isa = XCBuildConfiguration;
			buildSettings = {
				ALWAYS_SEARCH_USER_PATHS = NO;
				CLANG_ANALYZER_NONNULL = YES;
				CLANG_ANALYZER_NUMBER_OBJECT_CONVERSION = YES_AGGRESSIVE;
				CLANG_CXX_LANGUAGE_STANDARD = "gnu++14";
				CLANG_CXX_LIBRARY = "libc++";
				CLANG_ENABLE_MODULES = YES;
				CLANG_ENABLE_OBJC_ARC = YES;
				CLANG_ENABLE_OBJC_WEAK = YES;
				CLANG_WARN_BLOCK_CAPTURE_AUTORELEASING = YES;
				CLANG_WARN_BOOL_CONVERSION = YES;
				CLANG_WARN_COMMA = YES;
				CLANG_WARN_CONSTANT_CONVERSION = YES;
				CLANG_WARN_DEPRECATED_OBJC_IMPLEMENTATIONS = YES;
				CLANG_WARN_DIRECT_OBJC_ISA_USAGE = YES_ERROR;
				CLANG_WARN_DOCUMENTATION_COMMENTS = YES;
				CLANG_WARN_EMPTY_BODY = YES;
				CLANG_WARN_ENUM_CONVERSION = YES;
				CLANG_WARN_INFINITE_RECURSION = YES;
				CLANG_WARN_INT_CONVERSION = YES;
				CLANG_WARN_NON_LITERAL_NULL_CONVERSION = YES;
				CLANG_WARN_OBJC_IMPLICIT_RETAIN_SELF = YES;
				CLANG_WARN_OBJC_LITERAL_CONVERSION = YES;
				CLANG_WARN_OBJC_ROOT_CLASS = YES_ERROR;
				CLANG_WARN_RANGE_LOOP_ANALYSIS = YES;
				CLANG_WARN_STRICT_PROTOTYPES = YES;
				CLANG_WARN_SUSPICIOUS_MOVE = YES;
				CLANG_WARN_UNGUARDED_AVAILABILITY = YES_AGGRESSIVE;
				CLANG_WARN_UNREACHABLE_CODE = YES;
				CLANG_WARN__DUPLICATE_METHOD_MATCH = YES;
				COPY_PHASE_STRIP = NO;
				DEBUG_INFORMATION_FORMAT = "dwarf-with-dsym";
				ENABLE_NS_ASSERTIONS = NO;
				ENABLE_STRICT_OBJC_MSGSEND = YES;
				GCC_C_LANGUAGE_STANDARD = gnu11;
				GCC_NO_COMMON_BLOCKS = YES;
				GCC_WARN_64_TO_32_BIT_CONVERSION = YES;
				GCC_WARN_ABOUT_RETURN_TYPE = YES_ERROR;
				GCC_WARN_UNDECLARED_SELECTOR = YES;
				GCC_WARN_UNINITIALIZED_AUTOS = YES_AGGRESSIVE;
				GCC_WARN_UNUSED_FUNCTION = YES;
				GCC_WARN_UNUSED_VARIABLE = YES;
				IPHONEOS_DEPLOYMENT_TARGET = 13.4;
				MTL_ENABLE_DEBUG_INFO = NO;
				MTL_FAST_MATH = YES;
				SDKROOT = iphoneos;
				SWIFT_COMPILATION_MODE = wholemodule;
				SWIFT_OPTIMIZATION_LEVEL = "-O";
				VALIDATE_PRODUCT = YES;
			};
			name = Release;
		};
		994A5B3F246A82750094D4BC /* Debug */ = {
			isa = XCBuildConfiguration;
			buildSettings = {
				ASSETCATALOG_COMPILER_APPICON_NAME = AppIcon;
				CODE_SIGN_STYLE = Automatic;
				DEVELOPMENT_TEAM = V43P33VM9J;
				INFOPLIST_FILE = WorldTrotter/Info.plist;
				LD_RUNPATH_SEARCH_PATHS = (
					"$(inherited)",
					"@executable_path/Frameworks",
				);
				PRODUCT_BUNDLE_IDENTIFIER = com.paikwiki.WorldTrotter;
				PRODUCT_NAME = "$(TARGET_NAME)";
				SWIFT_VERSION = 5.0;
				TARGETED_DEVICE_FAMILY = "1,2";
			};
			name = Debug;
		};
		994A5B40246A82750094D4BC /* Release */ = {
			isa = XCBuildConfiguration;
			buildSettings = {
				ASSETCATALOG_COMPILER_APPICON_NAME = AppIcon;
				CODE_SIGN_STYLE = Automatic;
				DEVELOPMENT_TEAM = V43P33VM9J;
				INFOPLIST_FILE = WorldTrotter/Info.plist;
				LD_RUNPATH_SEARCH_PATHS = (
					"$(inherited)",
					"@executable_path/Frameworks",
				);
				PRODUCT_BUNDLE_IDENTIFIER = com.paikwiki.WorldTrotter;
				PRODUCT_NAME = "$(TARGET_NAME)";
				SWIFT_VERSION = 5.0;
				TARGETED_DEVICE_FAMILY = "1,2";
			};
			name = Release;
		};
		994A5B42246A82750094D4BC /* Debug */ = {
			isa = XCBuildConfiguration;
			buildSettings = {
				ALWAYS_EMBED_SWIFT_STANDARD_LIBRARIES = YES;
				BUNDLE_LOADER = "$(TEST_HOST)";
				CODE_SIGN_STYLE = Automatic;
				DEVELOPMENT_TEAM = V43P33VM9J;
				INFOPLIST_FILE = WorldTrotterTests/Info.plist;
				IPHONEOS_DEPLOYMENT_TARGET = 13.4;
				LD_RUNPATH_SEARCH_PATHS = (
					"$(inherited)",
					"@executable_path/Frameworks",
					"@loader_path/Frameworks",
				);
				PRODUCT_BUNDLE_IDENTIFIER = com.paikwiki.WorldTrotterTests;
				PRODUCT_NAME = "$(TARGET_NAME)";
				SWIFT_VERSION = 5.0;
				TARGETED_DEVICE_FAMILY = "1,2";
				TEST_HOST = "$(BUILT_PRODUCTS_DIR)/WorldTrotter.app/WorldTrotter";
			};
			name = Debug;
		};
		994A5B43246A82750094D4BC /* Release */ = {
			isa = XCBuildConfiguration;
			buildSettings = {
				ALWAYS_EMBED_SWIFT_STANDARD_LIBRARIES = YES;
				BUNDLE_LOADER = "$(TEST_HOST)";
				CODE_SIGN_STYLE = Automatic;
				DEVELOPMENT_TEAM = V43P33VM9J;
				INFOPLIST_FILE = WorldTrotterTests/Info.plist;
				IPHONEOS_DEPLOYMENT_TARGET = 13.4;
				LD_RUNPATH_SEARCH_PATHS = (
					"$(inherited)",
					"@executable_path/Frameworks",
					"@loader_path/Frameworks",
				);
				PRODUCT_BUNDLE_IDENTIFIER = com.paikwiki.WorldTrotterTests;
				PRODUCT_NAME = "$(TARGET_NAME)";
				SWIFT_VERSION = 5.0;
				TARGETED_DEVICE_FAMILY = "1,2";
				TEST_HOST = "$(BUILT_PRODUCTS_DIR)/WorldTrotter.app/WorldTrotter";
			};
			name = Release;
		};
		994A5B45246A82750094D4BC /* Debug */ = {
			isa = XCBuildConfiguration;
			buildSettings = {
				ALWAYS_EMBED_SWIFT_STANDARD_LIBRARIES = YES;
				CODE_SIGN_STYLE = Automatic;
				DEVELOPMENT_TEAM = V43P33VM9J;
				INFOPLIST_FILE = WorldTrotterUITests/Info.plist;
				LD_RUNPATH_SEARCH_PATHS = (
					"$(inherited)",
					"@executable_path/Frameworks",
					"@loader_path/Frameworks",
				);
				PRODUCT_BUNDLE_IDENTIFIER = com.paikwiki.WorldTrotterUITests;
				PRODUCT_NAME = "$(TARGET_NAME)";
				SWIFT_VERSION = 5.0;
				TARGETED_DEVICE_FAMILY = "1,2";
				TEST_TARGET_NAME = WorldTrotter;
			};
			name = Debug;
		};
		994A5B46246A82750094D4BC /* Release */ = {
			isa = XCBuildConfiguration;
			buildSettings = {
				ALWAYS_EMBED_SWIFT_STANDARD_LIBRARIES = YES;
				CODE_SIGN_STYLE = Automatic;
				DEVELOPMENT_TEAM = V43P33VM9J;
				INFOPLIST_FILE = WorldTrotterUITests/Info.plist;
				LD_RUNPATH_SEARCH_PATHS = (
					"$(inherited)",
					"@executable_path/Frameworks",
					"@loader_path/Frameworks",
				);
				PRODUCT_BUNDLE_IDENTIFIER = com.paikwiki.WorldTrotterUITests;
				PRODUCT_NAME = "$(TARGET_NAME)";
				SWIFT_VERSION = 5.0;
				TARGETED_DEVICE_FAMILY = "1,2";
				TEST_TARGET_NAME = WorldTrotter;
			};
			name = Release;
		};
/* End XCBuildConfiguration section */

/* Begin XCConfigurationList section */
		994A5B0F246A82690094D4BC /* Build configuration list for PBXProject "WorldTrotter" */ = {
			isa = XCConfigurationList;
			buildConfigurations = (
				994A5B3C246A82750094D4BC /* Debug */,
				994A5B3D246A82750094D4BC /* Release */,
			);
			defaultConfigurationIsVisible = 0;
			defaultConfigurationName = Release;
		};
		994A5B3E246A82750094D4BC /* Build configuration list for PBXNativeTarget "WorldTrotter" */ = {
			isa = XCConfigurationList;
			buildConfigurations = (
				994A5B3F246A82750094D4BC /* Debug */,
				994A5B40246A82750094D4BC /* Release */,
			);
			defaultConfigurationIsVisible = 0;
			defaultConfigurationName = Release;
		};
		994A5B41246A82750094D4BC /* Build configuration list for PBXNativeTarget "WorldTrotterTests" */ = {
			isa = XCConfigurationList;
			buildConfigurations = (
				994A5B42246A82750094D4BC /* Debug */,
				994A5B43246A82750094D4BC /* Release */,
			);
			defaultConfigurationIsVisible = 0;
			defaultConfigurationName = Release;
		};
		994A5B44246A82750094D4BC /* Build configuration list for PBXNativeTarget "WorldTrotterUITests" */ = {
			isa = XCConfigurationList;
			buildConfigurations = (
				994A5B45246A82750094D4BC /* Debug */,
				994A5B46246A82750094D4BC /* Release */,
			);
			defaultConfigurationIsVisible = 0;
			defaultConfigurationName = Release;
		};
/* End XCConfigurationList section */
	};
	rootObject = 994A5B0C246A82690094D4BC /* Project object */;
}
